
Microsoft Visual Studio Solution File, Format Version 12.00
# Visual Studio Version 17
VisualStudioVersion = 17.8.34511.84
MinimumVisualStudioVersion = 10.0.40219.1
Project("{9A19103F-16F7-4668-BE54-9A1E7A4F7556}") = "DecoratorPattern", "DecoratorPattern\DecoratorPattern.csproj", "{3EEF1F1B-C91B-4818-91F1-32038B766145}"
EndProject
Project("{9A19103F-16F7-4668-BE54-9A1E7A4F7556}") = "ObserverPattern", "ObserverPattern\ObserverPattern.csproj", "{CB33499A-6BEF-41C7-82FA-A3EB7758FCF5}"
EndProject
Project("{9A19103F-16F7-4668-BE54-9A1E7A4F7556}") = "StrategyPattern", "StartegyPattern\StrategyPattern.csproj", "{D0C4C0EA-058E-46DE-B76D-626B28F6A3B6}"
EndProject
Global
	GlobalSection(SolutionConfigurationPlatforms) = preSolution
		Debug|Any CPU = Debug|Any CPU
		Release|Any CPU = Release|Any CPU
	EndGlobalSection
	GlobalSection(ProjectConfigurationPlatforms) = postSolution
		{3EEF1F1B-C91B-4818-91F1-32038B766145}.Debug|Any CPU.ActiveCfg = Debug|Any CPU
		{3EEF1F1B-C91B-4818-91F1-32038B766145}.Debug|Any CPU.Build.0 = Debug|Any CPU
		{3EEF1F1B-C91B-4818-91F1-32038B766145}.Release|Any CPU.ActiveCfg = Release|Any CPU
		{3EEF1F1B-C91B-4818-91F1-32038B766145}.Release|Any CPU.Build.0 = Release|Any CPU
		{CB33499A-6BEF-41C7-82FA-A3EB7758FCF5}.Debug|Any CPU.ActiveCfg = Debug|Any CPU
		{CB33499A-6BEF-41C7-82FA-A3EB7758FCF5}.Debug|Any CPU.Build.0 = Debug|Any CPU
		{CB33499A-6BEF-41C7-82FA-A3EB7758FCF5}.Release|Any CPU.ActiveCfg = Release|Any CPU
		{CB33499A-6BEF-41C7-82FA-A3EB7758FCF5}.Release|Any CPU.Build.0 = Release|Any CPU
		{D0C4C0EA-058E-46DE-B76D-626B28F6A3B6}.Debug|Any CPU.ActiveCfg = Debug|Any CPU
		{D0C4C0EA-058E-46DE-B76D-626B28F6A3B6}.Debug|Any CPU.Build.0 = Debug|Any CPU
		{D0C4C0EA-058E-46DE-B76D-626B28F6A3B6}.Release|Any CPU.ActiveCfg = Release|Any CPU
		{D0C4C0EA-058E-46DE-B76D-626B28F6A3B6}.Release|Any CPU.Build.0 = Release|Any CPU
	EndGlobalSection
	GlobalSection(SolutionProperties) = preSolution
		HideSolutionNode = FALSE
	EndGlobalSection
	GlobalSection(ExtensibilityGlobals) = postSolution
		SolutionGuid = {B9DEE698-9F56-4741-8A58-A9AED77BB39A}
	EndGlobalSection
EndGlobal
